
Microsoft Visual Studio Solution File, Format Version 12.00
# Visual Studio Version 17
VisualStudioVersion = 17.4.33205.214
MinimumVisualStudioVersion = 10.0.40219.1
Project("{FAE04EC0-301F-11D3-BF4B-00C04F79EFBC}") = "ClinicApplication", "ClinicApplication.csproj", "{5C0838CF-2B20-42D9-8B70-7C0EB856A383}"
EndProject
Global
	GlobalSection(SolutionConfigurationPlatforms) = preSolution
		Debug|Any CPU = Debug|Any CPU
		Release|Any CPU = Release|Any CPU
	EndGlobalSection
	GlobalSection(ProjectConfigurationPlatforms) = postSolution
		{5C0838CF-2B20-42D9-8B70-7C0EB856A383}.Debug|Any CPU.ActiveCfg = Debug|Any CPU
		{5C0838CF-2B20-42D9-8B70-7C0EB856A383}.Debug|Any CPU.Build.0 = Debug|Any CPU
		{5C0838CF-2B20-42D9-8B70-7C0EB856A383}.Release|Any CPU.ActiveCfg = Release|Any CPU
		{5C0838CF-2B20-42D9-8B70-7C0EB856A383}.Release|Any CPU.Build.0 = Release|Any CPU
	EndGlobalSection
	GlobalSection(SolutionProperties) = preSolution
		HideSolutionNode = FALSE
	EndGlobalSection
	GlobalSection(ExtensibilityGlobals) = postSolution
		SolutionGuid = {1AC3864A-6F09-40BA-AF31-C62E985540FC}
	EndGlobalSection
EndGlobal
